
Microsoft Visual Studio Solution File, Format Version 12.00
# Visual Studio Version 16
VisualStudioVersion = 16.0.31005.135
MinimumVisualStudioVersion = 10.0.40219.1
Project("{FAE04EC0-301F-11D3-BF4B-00C04F79EFBC}") = "Lilith", "Lilith.csproj", "{EE949885-B378-4E83-8918-60E93EBAE641}"
EndProject
Global
	GlobalSection(SolutionConfigurationPlatforms) = preSolution
		Debug|Any CPU = Debug|Any CPU
		Release|Any CPU = Release|Any CPU
	EndGlobalSection
	GlobalSection(ProjectConfigurationPlatforms) = postSolution
		{EE949885-B378-4E83-8918-60E93EBAE641}.Debug|Any CPU.ActiveCfg = Debug|Any CPU
		{EE949885-B378-4E83-8918-60E93EBAE641}.Debug|Any CPU.Build.0 = Debug|Any CPU
		{EE949885-B378-4E83-8918-60E93EBAE641}.Release|Any CPU.ActiveCfg = Release|Any CPU
		{EE949885-B378-4E83-8918-60E93EBAE641}.Release|Any CPU.Build.0 = Release|Any CPU
	EndGlobalSection
	GlobalSection(SolutionProperties) = preSolution
		HideSolutionNode = FALSE
	EndGlobalSection
	GlobalSection(ExtensibilityGlobals) = postSolution
		SolutionGuid = {B8466F65-F7B3-480C-9C36-C82B19356B33}
	EndGlobalSection
EndGlobal
